
Microsoft Visual Studio Solution File, Format Version 12.00
# Visual Studio Version 17
VisualStudioVersion = 17.14.36121.58 d17.14
MinimumVisualStudioVersion = 10.0.40219.1
Project("{FAE04EC0-301F-11D3-BF4B-00C04F79EFBC}") = "HTCMiniProjectBackend", "HTCMiniProjectBackend\HTCMiniProjectBackend.csproj", "{BCB913CC-018B-45C4-AB3B-4A88A05FB0FF}"
EndProject
Global
	GlobalSection(SolutionConfigurationPlatforms) = preSolution
		Debug|Any CPU = Debug|Any CPU
		Release|Any CPU = Release|Any CPU
	EndGlobalSection
	GlobalSection(ProjectConfigurationPlatforms) = postSolution
		{BCB913CC-018B-45C4-AB3B-4A88A05FB0FF}.Debug|Any CPU.ActiveCfg = Debug|Any CPU
		{BCB913CC-018B-45C4-AB3B-4A88A05FB0FF}.Debug|Any CPU.Build.0 = Debug|Any CPU
		{BCB913CC-018B-45C4-AB3B-4A88A05FB0FF}.Release|Any CPU.ActiveCfg = Release|Any CPU
		{BCB913CC-018B-45C4-AB3B-4A88A05FB0FF}.Release|Any CPU.Build.0 = Release|Any CPU
	EndGlobalSection
	GlobalSection(SolutionProperties) = preSolution
		HideSolutionNode = FALSE
	EndGlobalSection
	GlobalSection(ExtensibilityGlobals) = postSolution
		SolutionGuid = {309FC587-05A4-4233-8036-D9FFC6F85A7F}
	EndGlobalSection
EndGlobal
